
Microsoft Visual Studio Solution File, Format Version 12.00
# Visual Studio Version 17
VisualStudioVersion = 17.1.32421.90
MinimumVisualStudioVersion = 10.0.40219.1
Project("{9A19103F-16F7-4668-BE54-9A1E7A4F7556}") = "b2a.HelloWorld", "b2a.HelloWorld\b2a.HelloWorld.csproj", "{92233136-1EE1-482A-ADE1-8BC197DB3652}"
EndProject
Project("{FAE04EC0-301F-11D3-BF4B-00C04F79EFBC}") = "b2a.SK.LearnCSharp", "b2a.SK.LearnCSharp\b2a.SK.LearnCSharp.csproj", "{069B1259-6CF5-434E-9DE2-DA2AA8F7EAB1}"
EndProject
Global
	GlobalSection(SolutionConfigurationPlatforms) = preSolution
		Debug|Any CPU = Debug|Any CPU
		Release|Any CPU = Release|Any CPU
	EndGlobalSection
	GlobalSection(ProjectConfigurationPlatforms) = postSolution
		{92233136-1EE1-482A-ADE1-8BC197DB3652}.Debug|Any CPU.ActiveCfg = Debug|Any CPU
		{92233136-1EE1-482A-ADE1-8BC197DB3652}.Debug|Any CPU.Build.0 = Debug|Any CPU
		{92233136-1EE1-482A-ADE1-8BC197DB3652}.Release|Any CPU.ActiveCfg = Release|Any CPU
		{92233136-1EE1-482A-ADE1-8BC197DB3652}.Release|Any CPU.Build.0 = Release|Any CPU
		{069B1259-6CF5-434E-9DE2-DA2AA8F7EAB1}.Debug|Any CPU.ActiveCfg = Debug|Any CPU
		{069B1259-6CF5-434E-9DE2-DA2AA8F7EAB1}.Debug|Any CPU.Build.0 = Debug|Any CPU
		{069B1259-6CF5-434E-9DE2-DA2AA8F7EAB1}.Release|Any CPU.ActiveCfg = Release|Any CPU
		{069B1259-6CF5-434E-9DE2-DA2AA8F7EAB1}.Release|Any CPU.Build.0 = Release|Any CPU
	EndGlobalSection
	GlobalSection(SolutionProperties) = preSolution
		HideSolutionNode = FALSE
	EndGlobalSection
	GlobalSection(ExtensibilityGlobals) = postSolution
		SolutionGuid = {2C33CF4B-8935-4C98-A32E-F71AB5859028}
	EndGlobalSection
EndGlobal
